// !$*UTF8*$!
{
	archiveVersion = 1;
	classes = {
	};
	objectVersion = 56;
	objects = {

/* Begin PBXBuildFile section */
		93BCF5AF2A0BD946008CB844 /* LocationManager.swift in Sources */ = {isa = PBXBuildFile; fileRef = 93BCF5AE2A0BD946008CB844 /* LocationManager.swift */; };
		93BCF5B12A0BD974008CB844 /* CheckTop3Theaters.swift in Sources */ = {isa = PBXBuildFile; fileRef = 93BCF5B02A0BD974008CB844 /* CheckTop3Theaters.swift */; };
		C24643802A0D2F4300712334 /* Color.swift in Sources */ = {isa = PBXBuildFile; fileRef = C246437F2A0D2F4300712334 /* Color.swift */; };
		C29E138B2A02562500B05B31 /* mc2_gitApp.swift in Sources */ = {isa = PBXBuildFile; fileRef = C29E138A2A02562500B05B31 /* mc2_gitApp.swift */; };
		C29E138D2A02562500B05B31 /* ContentView.swift in Sources */ = {isa = PBXBuildFile; fileRef = C29E138C2A02562500B05B31 /* ContentView.swift */; };
		C29E138F2A02562600B05B31 /* Assets.xcassets in Resources */ = {isa = PBXBuildFile; fileRef = C29E138E2A02562600B05B31 /* Assets.xcassets */; };
		C29E13922A02562600B05B31 /* Preview Assets.xcassets in Resources */ = {isa = PBXBuildFile; fileRef = C29E13912A02562600B05B31 /* Preview Assets.xcassets */; };
		C29E139D2A05411C00B05B31 /* SwiftSoup in Frameworks */ = {isa = PBXBuildFile; productRef = C29E139C2A05411C00B05B31 /* SwiftSoup */; };
		C29E13A12A057D0F00B05B31 /* MovieListView.swift in Sources */ = {isa = PBXBuildFile; fileRef = C29E13A02A057D0F00B05B31 /* MovieListView.swift */; };
		C29E13A32A061DE400B05B31 /* CustomAlertView.swift in Sources */ = {isa = PBXBuildFile; fileRef = C29E13A22A061DE400B05B31 /* CustomAlertView.swift */; };
		C29E13A52A07869600B05B31 /* MovieDayView2.swift in Sources */ = {isa = PBXBuildFile; fileRef = C29E13A42A07869600B05B31 /* MovieDayView2.swift */; };
		C29E13A82A07EAE900B05B31 /* PopupView in Frameworks */ = {isa = PBXBuildFile; productRef = C29E13A72A07EAE900B05B31 /* PopupView */; };
		D96438F32A0B74DB009D634D /* MovieScheduleData.swift in Sources */ = {isa = PBXBuildFile; fileRef = D96438F22A0B74DB009D634D /* MovieScheduleData.swift */; };
		D96438F52A0B7526009D634D /* DateManager.swift in Sources */ = {isa = PBXBuildFile; fileRef = D96438F42A0B7526009D634D /* DateManager.swift */; };
		D96438F72A0B76DC009D634D /* MovieScheduleDataForUser.swift in Sources */ = {isa = PBXBuildFile; fileRef = D96438F62A0B76DC009D634D /* MovieScheduleDataForUser.swift */; };
		D96438F92A0B770A009D634D /* MovieScheduleManager.swift in Sources */ = {isa = PBXBuildFile; fileRef = D96438F82A0B770A009D634D /* MovieScheduleManager.swift */; };
		D96438FB2A0B8D94009D634D /* MovieDetailManager.swift in Sources */ = {isa = PBXBuildFile; fileRef = D96438FA2A0B8D94009D634D /* MovieDetailManager.swift */; };
		D96438FD2A0B8DB5009D634D /* MovieDetailData.swift in Sources */ = {isa = PBXBuildFile; fileRef = D96438FC2A0B8DB5009D634D /* MovieDetailData.swift */; };
/* End PBXBuildFile section */

/* Begin PBXFileReference section */
		93BCF5AE2A0BD946008CB844 /* LocationManager.swift */ = {isa = PBXFileReference; lastKnownFileType = sourcecode.swift; path = LocationManager.swift; sourceTree = "<group>"; };
		93BCF5B02A0BD974008CB844 /* CheckTop3Theaters.swift */ = {isa = PBXFileReference; lastKnownFileType = sourcecode.swift; path = CheckTop3Theaters.swift; sourceTree = "<group>"; };
		C246437F2A0D2F4300712334 /* Color.swift */ = {isa = PBXFileReference; lastKnownFileType = sourcecode.swift; path = Color.swift; sourceTree = "<group>"; };
		C29E13872A02562500B05B31 /* mc2_git.app */ = {isa = PBXFileReference; explicitFileType = wrapper.application; includeInIndex = 0; path = mc2_git.app; sourceTree = BUILT_PRODUCTS_DIR; };
		C29E138A2A02562500B05B31 /* mc2_gitApp.swift */ = {isa = PBXFileReference; lastKnownFileType = sourcecode.swift; path = mc2_gitApp.swift; sourceTree = "<group>"; };
		C29E138C2A02562500B05B31 /* ContentView.swift */ = {isa = PBXFileReference; lastKnownFileType = sourcecode.swift; path = ContentView.swift; sourceTree = "<group>"; };
		C29E138E2A02562600B05B31 /* Assets.xcassets */ = {isa = PBXFileReference; lastKnownFileType = folder.assetcatalog; path = Assets.xcassets; sourceTree = "<group>"; };
		C29E13912A02562600B05B31 /* Preview Assets.xcassets */ = {isa = PBXFileReference; lastKnownFileType = folder.assetcatalog; path = "Preview Assets.xcassets"; sourceTree = "<group>"; };
		C29E139A2A0500CD00B05B31 /* mc2-git-Info.plist */ = {isa = PBXFileReference; lastKnownFileType = text.plist; path = "mc2-git-Info.plist"; sourceTree = SOURCE_ROOT; };
		C29E13A02A057D0F00B05B31 /* MovieListView.swift */ = {isa = PBXFileReference; lastKnownFileType = sourcecode.swift; path = MovieListView.swift; sourceTree = "<group>"; };
		C29E13A22A061DE400B05B31 /* CustomAlertView.swift */ = {isa = PBXFileReference; lastKnownFileType = sourcecode.swift; path = CustomAlertView.swift; sourceTree = "<group>"; };
		C29E13A42A07869600B05B31 /* MovieDayView2.swift */ = {isa = PBXFileReference; lastKnownFileType = sourcecode.swift; path = MovieDayView2.swift; sourceTree = "<group>"; };
		D96438F22A0B74DB009D634D /* MovieScheduleData.swift */ = {isa = PBXFileReference; lastKnownFileType = sourcecode.swift; path = MovieScheduleData.swift; sourceTree = "<group>"; };
		D96438F42A0B7526009D634D /* DateManager.swift */ = {isa = PBXFileReference; lastKnownFileType = sourcecode.swift; path = DateManager.swift; sourceTree = "<group>"; };
		D96438F62A0B76DC009D634D /* MovieScheduleDataForUser.swift */ = {isa = PBXFileReference; lastKnownFileType = sourcecode.swift; path = MovieScheduleDataForUser.swift; sourceTree = "<group>"; };
		D96438F82A0B770A009D634D /* MovieScheduleManager.swift */ = {isa = PBXFileReference; lastKnownFileType = sourcecode.swift; path = MovieScheduleManager.swift; sourceTree = "<group>"; };
		D96438FA2A0B8D94009D634D /* MovieDetailManager.swift */ = {isa = PBXFileReference; lastKnownFileType = sourcecode.swift; path = MovieDetailManager.swift; sourceTree = "<group>"; };
		D96438FC2A0B8DB5009D634D /* MovieDetailData.swift */ = {isa = PBXFileReference; lastKnownFileType = sourcecode.swift; path = MovieDetailData.swift; sourceTree = "<group>"; };
/* End PBXFileReference section */

/* Begin PBXFrameworksBuildPhase section */
		C29E13842A02562500B05B31 /* Frameworks */ = {
			isa = PBXFrameworksBuildPhase;
			buildActionMask = 2147483647;
			files = (
				C29E13A82A07EAE900B05B31 /* PopupView in Frameworks */,
				C29E139D2A05411C00B05B31 /* SwiftSoup in Frameworks */,
			);
			runOnlyForDeploymentPostprocessing = 0;
		};
/* End PBXFrameworksBuildPhase section */

/* Begin PBXGroup section */
		C29E137E2A02562500B05B31 = {
			isa = PBXGroup;
			children = (
				C29E13892A02562500B05B31 /* mc2_git */,
				C29E13882A02562500B05B31 /* Products */,
			);
			sourceTree = "<group>";
		};
		C29E13882A02562500B05B31 /* Products */ = {
			isa = PBXGroup;
			children = (
				C29E13872A02562500B05B31 /* mc2_git.app */,
			);
			name = Products;
			sourceTree = "<group>";
		};
		C29E13892A02562500B05B31 /* mc2_git */ = {
			isa = PBXGroup;
			children = (
				D96438F12A0B74B4009D634D /* Model */,
				C29E139A2A0500CD00B05B31 /* mc2-git-Info.plist */,
				C29E138A2A02562500B05B31 /* mc2_gitApp.swift */,
				C29E138C2A02562500B05B31 /* ContentView.swift */,
				C29E138E2A02562600B05B31 /* Assets.xcassets */,
				C29E13902A02562600B05B31 /* Preview Content */,
				C29E13A02A057D0F00B05B31 /* MovieListView.swift */,
				C29E13A22A061DE400B05B31 /* CustomAlertView.swift */,
				C29E13A42A07869600B05B31 /* MovieDayView2.swift */,
				C246437F2A0D2F4300712334 /* Color.swift */,
				D96438F42A0B7526009D634D /* DateManager.swift */,
				D96438F82A0B770A009D634D /* MovieScheduleManager.swift */,
				D96438FA2A0B8D94009D634D /* MovieDetailManager.swift */,
			);
			path = mc2_git;
			sourceTree = "<group>";
		};
		C29E13902A02562600B05B31 /* Preview Content */ = {
			isa = PBXGroup;
			children = (
				C29E13912A02562600B05B31 /* Preview Assets.xcassets */,
			);
			path = "Preview Content";
			sourceTree = "<group>";
		};
		D96438F12A0B74B4009D634D /* Model */ = {
			isa = PBXGroup;
			children = (
				D96438F22A0B74DB009D634D /* MovieScheduleData.swift */,
				D96438F62A0B76DC009D634D /* MovieScheduleDataForUser.swift */,
				D96438FC2A0B8DB5009D634D /* MovieDetailData.swift */,
				93BCF5AE2A0BD946008CB844 /* LocationManager.swift */,
				93BCF5B02A0BD974008CB844 /* CheckTop3Theaters.swift */,
			);
			path = Model;
			sourceTree = "<group>";
		};
/* End PBXGroup section */

/* Begin PBXNativeTarget section */
		C29E13862A02562500B05B31 /* mc2_git */ = {
			isa = PBXNativeTarget;
			buildConfigurationList = C29E13952A02562600B05B31 /* Build configuration list for PBXNativeTarget "mc2_git" */;
			buildPhases = (
				C29E13832A02562500B05B31 /* Sources */,
				C29E13842A02562500B05B31 /* Frameworks */,
				C29E13852A02562500B05B31 /* Resources */,
			);
			buildRules = (
			);
			dependencies = (
			);
			name = mc2_git;
			packageProductDependencies = (
				C29E139C2A05411C00B05B31 /* SwiftSoup */,
				C29E13A72A07EAE900B05B31 /* PopupView */,
			);
			productName = mc2_git;
			productReference = C29E13872A02562500B05B31 /* mc2_git.app */;
			productType = "com.apple.product-type.application";
		};
/* End PBXNativeTarget section */

/* Begin PBXProject section */
		C29E137F2A02562500B05B31 /* Project object */ = {
			isa = PBXProject;
			attributes = {
				BuildIndependentTargetsInParallel = 1;
				LastSwiftUpdateCheck = 1430;
				LastUpgradeCheck = 1430;
				TargetAttributes = {
					C29E13862A02562500B05B31 = {
						CreatedOnToolsVersion = 14.3;
					};
				};
			};
			buildConfigurationList = C29E13822A02562500B05B31 /* Build configuration list for PBXProject "mc2_git" */;
			compatibilityVersion = "Xcode 14.0";
			developmentRegion = en;
			hasScannedForEncodings = 0;
			knownRegions = (
				en,
				Base,
			);
			mainGroup = C29E137E2A02562500B05B31;
			packageReferences = (
				C29E139B2A05411C00B05B31 /* XCRemoteSwiftPackageReference "SwiftSoup" */,
				C29E13A62A07EAE900B05B31 /* XCRemoteSwiftPackageReference "PopupView" */,
			);
			productRefGroup = C29E13882A02562500B05B31 /* Products */;
			projectDirPath = "";
			projectRoot = "";
			targets = (
				C29E13862A02562500B05B31 /* mc2_git */,
			);
		};
/* End PBXProject section */

/* Begin PBXResourcesBuildPhase section */
		C29E13852A02562500B05B31 /* Resources */ = {
			isa = PBXResourcesBuildPhase;
			buildActionMask = 2147483647;
			files = (
				C29E13922A02562600B05B31 /* Preview Assets.xcassets in Resources */,
				C29E138F2A02562600B05B31 /* Assets.xcassets in Resources */,
			);
			runOnlyForDeploymentPostprocessing = 0;
		};
/* End PBXResourcesBuildPhase section */

/* Begin PBXSourcesBuildPhase section */
		C29E13832A02562500B05B31 /* Sources */ = {
			isa = PBXSourcesBuildPhase;
			buildActionMask = 2147483647;
			files = (
				93BCF5B12A0BD974008CB844 /* CheckTop3Theaters.swift in Sources */,
				C29E138D2A02562500B05B31 /* ContentView.swift in Sources */,
				D96438FD2A0B8DB5009D634D /* MovieDetailData.swift in Sources */,
				C29E13A12A057D0F00B05B31 /* MovieListView.swift in Sources */,
				C29E138B2A02562500B05B31 /* mc2_gitApp.swift in Sources */,
				D96438FB2A0B8D94009D634D /* MovieDetailManager.swift in Sources */,
				C29E13A32A061DE400B05B31 /* CustomAlertView.swift in Sources */,
				D96438F92A0B770A009D634D /* MovieScheduleManager.swift in Sources */,
				D96438F52A0B7526009D634D /* DateManager.swift in Sources */,
				C29E13A52A07869600B05B31 /* MovieDayView2.swift in Sources */,
				D96438F32A0B74DB009D634D /* MovieScheduleData.swift in Sources */,
				D96438F72A0B76DC009D634D /* MovieScheduleDataForUser.swift in Sources */,
				93BCF5AF2A0BD946008CB844 /* LocationManager.swift in Sources */,
				C24643802A0D2F4300712334 /* Color.swift in Sources */,
			);
			runOnlyForDeploymentPostprocessing = 0;
		};
/* End PBXSourcesBuildPhase section */

/* Begin XCBuildConfiguration section */
		C29E13932A02562600B05B31 /* Debug */ = {
			isa = XCBuildConfiguration;
			buildSettings = {
				ALWAYS_SEARCH_USER_PATHS = NO;
				CLANG_ANALYZER_NONNULL = YES;
				CLANG_ANALYZER_NUMBER_OBJECT_CONVERSION = YES_AGGRESSIVE;
				CLANG_CXX_LANGUAGE_STANDARD = "gnu++20";
				CLANG_ENABLE_MODULES = YES;
				CLANG_ENABLE_OBJC_ARC = YES;
				CLANG_ENABLE_OBJC_WEAK = YES;
				CLANG_WARN_BLOCK_CAPTURE_AUTORELEASING = YES;
				CLANG_WARN_BOOL_CONVERSION = YES;
				CLANG_WARN_COMMA = YES;
				CLANG_WARN_CONSTANT_CONVERSION = YES;
				CLANG_WARN_DEPRECATED_OBJC_IMPLEMENTATIONS = YES;
				CLANG_WARN_DIRECT_OBJC_ISA_USAGE = YES_ERROR;
				CLANG_WARN_DOCUMENTATION_COMMENTS = YES;
				CLANG_WARN_EMPTY_BODY = YES;
				CLANG_WARN_ENUM_CONVERSION = YES;
				CLANG_WARN_INFINITE_RECURSION = YES;
				CLANG_WARN_INT_CONVERSION = YES;
				CLANG_WARN_NON_LITERAL_NULL_CONVERSION = YES;
				CLANG_WARN_OBJC_IMPLICIT_RETAIN_SELF = YES;
				CLANG_WARN_OBJC_LITERAL_CONVERSION = YES;
				CLANG_WARN_OBJC_ROOT_CLASS = YES_ERROR;
				CLANG_WARN_QUOTED_INCLUDE_IN_FRAMEWORK_HEADER = YES;
				CLANG_WARN_RANGE_LOOP_ANALYSIS = YES;
				CLANG_WARN_STRICT_PROTOTYPES = YES;
				CLANG_WARN_SUSPICIOUS_MOVE = YES;
				CLANG_WARN_UNGUARDED_AVAILABILITY = YES_AGGRESSIVE;
				CLANG_WARN_UNREACHABLE_CODE = YES;
				CLANG_WARN__DUPLICATE_METHOD_MATCH = YES;
				COPY_PHASE_STRIP = NO;
				DEBUG_INFORMATION_FORMAT = dwarf;
				ENABLE_STRICT_OBJC_MSGSEND = YES;
				ENABLE_TESTABILITY = YES;
				GCC_C_LANGUAGE_STANDARD = gnu11;
				GCC_DYNAMIC_NO_PIC = NO;
				GCC_NO_COMMON_BLOCKS = YES;
				GCC_OPTIMIZATION_LEVEL = 0;
				GCC_PREPROCESSOR_DEFINITIONS = (
					"DEBUG=1",
					"$(inherited)",
				);
				GCC_WARN_64_TO_32_BIT_CONVERSION = YES;
				GCC_WARN_ABOUT_RETURN_TYPE = YES_ERROR;
				GCC_WARN_UNDECLARED_SELECTOR = YES;
				GCC_WARN_UNINITIALIZED_AUTOS = YES_AGGRESSIVE;
				GCC_WARN_UNUSED_FUNCTION = YES;
				GCC_WARN_UNUSED_VARIABLE = YES;
				IPHONEOS_DEPLOYMENT_TARGET = 16.4;
				MTL_ENABLE_DEBUG_INFO = INCLUDE_SOURCE;
				MTL_FAST_MATH = YES;
				ONLY_ACTIVE_ARCH = YES;
				SDKROOT = iphoneos;
				SWIFT_ACTIVE_COMPILATION_CONDITIONS = DEBUG;
				SWIFT_OPTIMIZATION_LEVEL = "-Onone";
			};
			name = Debug;
		};
		C29E13942A02562600B05B31 /* Release */ = {
			isa = XCBuildConfiguration;
			buildSettings = {
				ALWAYS_SEARCH_USER_PATHS = NO;
				CLANG_ANALYZER_NONNULL = YES;
				CLANG_ANALYZER_NUMBER_OBJECT_CONVERSION = YES_AGGRESSIVE;
				CLANG_CXX_LANGUAGE_STANDARD = "gnu++20";
				CLANG_ENABLE_MODULES = YES;
				CLANG_ENABLE_OBJC_ARC = YES;
				CLANG_ENABLE_OBJC_WEAK = YES;
				CLANG_WARN_BLOCK_CAPTURE_AUTORELEASING = YES;
				CLANG_WARN_BOOL_CONVERSION = YES;
				CLANG_WARN_COMMA = YES;
				CLANG_WARN_CONSTANT_CONVERSION = YES;
				CLANG_WARN_DEPRECATED_OBJC_IMPLEMENTATIONS = YES;
				CLANG_WARN_DIRECT_OBJC_ISA_USAGE = YES_ERROR;
				CLANG_WARN_DOCUMENTATION_COMMENTS = YES;
				CLANG_WARN_EMPTY_BODY = YES;
				CLANG_WARN_ENUM_CONVERSION = YES;
				CLANG_WARN_INFINITE_RECURSION = YES;
				CLANG_WARN_INT_CONVERSION = YES;
				CLANG_WARN_NON_LITERAL_NULL_CONVERSION = YES;
				CLANG_WARN_OBJC_IMPLICIT_RETAIN_SELF = YES;
				CLANG_WARN_OBJC_LITERAL_CONVERSION = YES;
				CLANG_WARN_OBJC_ROOT_CLASS = YES_ERROR;
				CLANG_WARN_QUOTED_INCLUDE_IN_FRAMEWORK_HEADER = YES;
				CLANG_WARN_RANGE_LOOP_ANALYSIS = YES;
				CLANG_WARN_STRICT_PROTOTYPES = YES;
				CLANG_WARN_SUSPICIOUS_MOVE = YES;
				CLANG_WARN_UNGUARDED_AVAILABILITY = YES_AGGRESSIVE;
				CLANG_WARN_UNREACHABLE_CODE = YES;
				CLANG_WARN__DUPLICATE_METHOD_MATCH = YES;
				COPY_PHASE_STRIP = NO;
				DEBUG_INFORMATION_FORMAT = "dwarf-with-dsym";
				ENABLE_NS_ASSERTIONS = NO;
				ENABLE_STRICT_OBJC_MSGSEND = YES;
				GCC_C_LANGUAGE_STANDARD = gnu11;
				GCC_NO_COMMON_BLOCKS = YES;
				GCC_WARN_64_TO_32_BIT_CONVERSION = YES;
				GCC_WARN_ABOUT_RETURN_TYPE = YES_ERROR;
				GCC_WARN_UNDECLARED_SELECTOR = YES;
				GCC_WARN_UNINITIALIZED_AUTOS = YES_AGGRESSIVE;
				GCC_WARN_UNUSED_FUNCTION = YES;
				GCC_WARN_UNUSED_VARIABLE = YES;
				IPHONEOS_DEPLOYMENT_TARGET = 16.4;
				MTL_ENABLE_DEBUG_INFO = NO;
				MTL_FAST_MATH = YES;
				SDKROOT = iphoneos;
				SWIFT_COMPILATION_MODE = wholemodule;
				SWIFT_OPTIMIZATION_LEVEL = "-O";
				VALIDATE_PRODUCT = YES;
			};
			name = Release;
		};
		C29E13962A02562600B05B31 /* Debug */ = {
			isa = XCBuildConfiguration;
			buildSettings = {
				ASSETCATALOG_COMPILER_APPICON_NAME = AppIcon;
				ASSETCATALOG_COMPILER_GLOBAL_ACCENT_COLOR_NAME = AccentColor;
				CODE_SIGN_STYLE = Automatic;
				CURRENT_PROJECT_VERSION = 1;
				DEVELOPMENT_ASSET_PATHS = "\"mc2_git/Preview Content\"";
				DEVELOPMENT_TEAM = 8HG96SSK4A;
				ENABLE_PREVIEWS = YES;
				GENERATE_INFOPLIST_FILE = YES;
				INFOPLIST_FILE = "mc2-git-Info.plist";
				INFOPLIST_KEY_NSLocationWhenInUseUsageDescription = "위치 정보 수집을 허용 하십니까?";
				INFOPLIST_KEY_UIApplicationSceneManifest_Generation = YES;
				INFOPLIST_KEY_UIApplicationSupportsIndirectInputEvents = YES;
				INFOPLIST_KEY_UILaunchScreen_Generation = YES;
				INFOPLIST_KEY_UIStatusBarStyle = UIStatusBarStyleLightContent;
				INFOPLIST_KEY_UISupportedInterfaceOrientations_iPad = "UIInterfaceOrientationPortrait UIInterfaceOrientationPortraitUpsideDown UIInterfaceOrientationLandscapeLeft UIInterfaceOrientationLandscapeRight";
				IPHONEOS_DEPLOYMENT_TARGET = 16.2;
				LD_RUNPATH_SEARCH_PATHS = (
					"$(inherited)",
					"@executable_path/Frameworks",
				);
				MARKETING_VERSION = 1.0;
				PRODUCT_BUNDLE_IDENTIFIER = "com.cyndi.mc2-git";
				PRODUCT_NAME = "$(TARGET_NAME)";
				SWIFT_EMIT_LOC_STRINGS = YES;
				SWIFT_VERSION = 5.0;
				TARGETED_DEVICE_FAMILY = "1,2";
			};
			name = Debug;
		};
		C29E13972A02562600B05B31 /* Release */ = {
			isa = XCBuildConfiguration;
			buildSettings = {
				ASSETCATALOG_COMPILER_APPICON_NAME = AppIcon;
				ASSETCATALOG_COMPILER_GLOBAL_ACCENT_COLOR_NAME = AccentColor;
				CODE_SIGN_STYLE = Automatic;
				CURRENT_PROJECT_VERSION = 1;
				DEVELOPMENT_ASSET_PATHS = "\"mc2_git/Preview Content\"";
				DEVELOPMENT_TEAM = 8HG96SSK4A;
				ENABLE_PREVIEWS = YES;
				GENERATE_INFOPLIST_FILE = YES;
				INFOPLIST_FILE = "mc2-git-Info.plist";
				INFOPLIST_KEY_NSLocationWhenInUseUsageDescription = "위치 정보 수집을 허용 하십니까?";
				INFOPLIST_KEY_UIApplicationSceneManifest_Generation = YES;
				INFOPLIST_KEY_UIApplicationSupportsIndirectInputEvents = YES;
				INFOPLIST_KEY_UILaunchScreen_Generation = YES;
				INFOPLIST_KEY_UIStatusBarStyle = UIStatusBarStyleLightContent;
				INFOPLIST_KEY_UISupportedInterfaceOrientations_iPad = "UIInterfaceOrientationPortrait UIInterfaceOrientationPortraitUpsideDown UIInterfaceOrientationLandscapeLeft UIInterfaceOrientationLandscapeRight";
				IPHONEOS_DEPLOYMENT_TARGET = 16.2;
				LD_RUNPATH_SEARCH_PATHS = (
					"$(inherited)",
					"@executable_path/Frameworks",
				);
				MARKETING_VERSION = 1.0;
				PRODUCT_BUNDLE_IDENTIFIER = "com.cyndi.mc2-git";
				PRODUCT_NAME = "$(TARGET_NAME)";
				SWIFT_EMIT_LOC_STRINGS = YES;
				SWIFT_VERSION = 5.0;
				TARGETED_DEVICE_FAMILY = "1,2";
			};
			name = Release;
		};
/* End XCBuildConfiguration section */

/* Begin XCConfigurationList section */
		C29E13822A02562500B05B31 /* Build configuration list for PBXProject "mc2_git" */ = {
			isa = XCConfigurationList;
			buildConfigurations = (
				C29E13932A02562600B05B31 /* Debug */,
				C29E13942A02562600B05B31 /* Release */,
			);
			defaultConfigurationIsVisible = 0;
			defaultConfigurationName = Release;
		};
		C29E13952A02562600B05B31 /* Build configuration list for PBXNativeTarget "mc2_git" */ = {
			isa = XCConfigurationList;
			buildConfigurations = (
				C29E13962A02562600B05B31 /* Debug */,
				C29E13972A02562600B05B31 /* Release */,
			);
			defaultConfigurationIsVisible = 0;
			defaultConfigurationName = Release;
		};
/* End XCConfigurationList section */

/* Begin XCRemoteSwiftPackageReference section */
		C29E139B2A05411C00B05B31 /* XCRemoteSwiftPackageReference "SwiftSoup" */ = {
			isa = XCRemoteSwiftPackageReference;
			repositoryURL = "https://github.com/scinfu/SwiftSoup";
			requirement = {
				kind = upToNextMajorVersion;
				minimumVersion = 2.0.0;
			};
		};
		C29E13A62A07EAE900B05B31 /* XCRemoteSwiftPackageReference "PopupView" */ = {
			isa = XCRemoteSwiftPackageReference;
			repositoryURL = "https://github.com/exyte/PopupView.git";
			requirement = {
				kind = upToNextMajorVersion;
				minimumVersion = 2.0.0;
			};
		};
/* End XCRemoteSwiftPackageReference section */

/* Begin XCSwiftPackageProductDependency section */
		C29E139C2A05411C00B05B31 /* SwiftSoup */ = {
			isa = XCSwiftPackageProductDependency;
			package = C29E139B2A05411C00B05B31 /* XCRemoteSwiftPackageReference "SwiftSoup" */;
			productName = SwiftSoup;
		};
		C29E13A72A07EAE900B05B31 /* PopupView */ = {
			isa = XCSwiftPackageProductDependency;
			package = C29E13A62A07EAE900B05B31 /* XCRemoteSwiftPackageReference "PopupView" */;
			productName = PopupView;
		};
/* End XCSwiftPackageProductDependency section */
	};
	rootObject = C29E137F2A02562500B05B31 /* Project object */;
}
