// !$*UTF8*$!
{
	archiveVersion = 1;
	classes = {
	};
	objectVersion = 56;
	objects = {

/* Begin PBXBuildFile section */
		7B36C9962A105A070043D988 /* BottomSheetView.swift in Sources */ = {isa = PBXBuildFile; fileRef = 7B36C9952A105A070043D988 /* BottomSheetView.swift */; };
		93C2185F2A0F8B12008BC96B /* SwiftSoup in Frameworks */ = {isa = PBXBuildFile; productRef = 93C2185E2A0F8B12008BC96B /* SwiftSoup */; };
		93C218622A0F8B4A008BC96B /* PopupView in Frameworks */ = {isa = PBXBuildFile; productRef = 93C218612A0F8B4A008BC96B /* PopupView */; };
		93FB5C542A0F8807008A8AA9 /* mc2_gitApp.swift in Sources */ = {isa = PBXBuildFile; fileRef = 93FB5C532A0F8807008A8AA9 /* mc2_gitApp.swift */; };
		93FB5C562A0F8807008A8AA9 /* ContentView.swift in Sources */ = {isa = PBXBuildFile; fileRef = 93FB5C552A0F8807008A8AA9 /* ContentView.swift */; };
		93FB5C582A0F8808008A8AA9 /* Assets.xcassets in Resources */ = {isa = PBXBuildFile; fileRef = 93FB5C572A0F8808008A8AA9 /* Assets.xcassets */; };
		93FB5C5B2A0F8808008A8AA9 /* Preview Assets.xcassets in Resources */ = {isa = PBXBuildFile; fileRef = 93FB5C5A2A0F8808008A8AA9 /* Preview Assets.xcassets */; };
		93FB5C822A0F8874008A8AA9 /* MovieScheduleData.swift in Sources */ = {isa = PBXBuildFile; fileRef = 93FB5C812A0F8874008A8AA9 /* MovieScheduleData.swift */; };
		93FB5C842A0F888C008A8AA9 /* MovieScheduleDataForUser.swift in Sources */ = {isa = PBXBuildFile; fileRef = 93FB5C832A0F888C008A8AA9 /* MovieScheduleDataForUser.swift */; };
		93FB5C862A0F889D008A8AA9 /* MovieDetailData.swift in Sources */ = {isa = PBXBuildFile; fileRef = 93FB5C852A0F889D008A8AA9 /* MovieDetailData.swift */; };
		93FB5C882A0F88A7008A8AA9 /* LocationManager.swift in Sources */ = {isa = PBXBuildFile; fileRef = 93FB5C872A0F88A7008A8AA9 /* LocationManager.swift */; };
		93FB5C8A2A0F88BC008A8AA9 /* CheckTop3Theaters.swift in Sources */ = {isa = PBXBuildFile; fileRef = 93FB5C892A0F88BC008A8AA9 /* CheckTop3Theaters.swift */; };
		93FB5C8C2A0F88C5008A8AA9 /* Color.swift in Sources */ = {isa = PBXBuildFile; fileRef = 93FB5C8B2A0F88C5008A8AA9 /* Color.swift */; };
		93FB5C8E2A0F88D9008A8AA9 /* DateManager.swift in Sources */ = {isa = PBXBuildFile; fileRef = 93FB5C8D2A0F88D9008A8AA9 /* DateManager.swift */; };
		93FB5C902A0F88EC008A8AA9 /* MovieScheduleManager.swift in Sources */ = {isa = PBXBuildFile; fileRef = 93FB5C8F2A0F88EC008A8AA9 /* MovieScheduleManager.swift */; };
		93FB5C922A0F88FA008A8AA9 /* MovieDetailManager.swift in Sources */ = {isa = PBXBuildFile; fileRef = 93FB5C912A0F88FA008A8AA9 /* MovieDetailManager.swift */; };
		93FB5C942A0F8912008A8AA9 /* MovieListView.swift in Sources */ = {isa = PBXBuildFile; fileRef = 93FB5C932A0F8912008A8AA9 /* MovieListView.swift */; };
		93FB5C982A0F894B008A8AA9 /* CustomAlertView.swift in Sources */ = {isa = PBXBuildFile; fileRef = 93FB5C972A0F894B008A8AA9 /* CustomAlertView.swift */; };
		93FB5C9A2A0F8962008A8AA9 /* MovieDayView2.swift in Sources */ = {isa = PBXBuildFile; fileRef = 93FB5C992A0F8962008A8AA9 /* MovieDayView2.swift */; };
		93FB5C9C2A0F8971008A8AA9 /* TestView.swift in Sources */ = {isa = PBXBuildFile; fileRef = 93FB5C9B2A0F8971008A8AA9 /* TestView.swift */; };
/* End PBXBuildFile section */

/* Begin PBXContainerItemProxy section */
		93FB5C612A0F8808008A8AA9 /* PBXContainerItemProxy */ = {
			isa = PBXContainerItemProxy;
			containerPortal = 93FB5C482A0F8807008A8AA9 /* Project object */;
			proxyType = 1;
			remoteGlobalIDString = 93FB5C4F2A0F8807008A8AA9;
			remoteInfo = mc2_git;
		};
		93FB5C6B2A0F8808008A8AA9 /* PBXContainerItemProxy */ = {
			isa = PBXContainerItemProxy;
			containerPortal = 93FB5C482A0F8807008A8AA9 /* Project object */;
			proxyType = 1;
			remoteGlobalIDString = 93FB5C4F2A0F8807008A8AA9;
			remoteInfo = mc2_git;
		};
/* End PBXContainerItemProxy section */

/* Begin PBXFileReference section */
		7B36C9952A105A070043D988 /* BottomSheetView.swift */ = {isa = PBXFileReference; lastKnownFileType = sourcecode.swift; path = BottomSheetView.swift; sourceTree = "<group>"; };
		93C218632A0F8C45008BC96B /* mc2-git-Info.plist */ = {isa = PBXFileReference; lastKnownFileType = text.plist; path = "mc2-git-Info.plist"; sourceTree = SOURCE_ROOT; };
		93FB5C502A0F8807008A8AA9 /* mc2_git.app */ = {isa = PBXFileReference; explicitFileType = wrapper.application; includeInIndex = 0; path = mc2_git.app; sourceTree = BUILT_PRODUCTS_DIR; };
		93FB5C532A0F8807008A8AA9 /* mc2_gitApp.swift */ = {isa = PBXFileReference; lastKnownFileType = sourcecode.swift; path = mc2_gitApp.swift; sourceTree = "<group>"; };
		93FB5C552A0F8807008A8AA9 /* ContentView.swift */ = {isa = PBXFileReference; lastKnownFileType = sourcecode.swift; path = ContentView.swift; sourceTree = "<group>"; };
		93FB5C572A0F8808008A8AA9 /* Assets.xcassets */ = {isa = PBXFileReference; lastKnownFileType = folder.assetcatalog; path = Assets.xcassets; sourceTree = "<group>"; };
		93FB5C5A2A0F8808008A8AA9 /* Preview Assets.xcassets */ = {isa = PBXFileReference; lastKnownFileType = folder.assetcatalog; path = "Preview Assets.xcassets"; sourceTree = "<group>"; };
		93FB5C602A0F8808008A8AA9 /* mc2_gitTests.xctest */ = {isa = PBXFileReference; explicitFileType = wrapper.cfbundle; includeInIndex = 0; path = mc2_gitTests.xctest; sourceTree = BUILT_PRODUCTS_DIR; };
		93FB5C6A2A0F8808008A8AA9 /* mc2_gitUITests.xctest */ = {isa = PBXFileReference; explicitFileType = wrapper.cfbundle; includeInIndex = 0; path = mc2_gitUITests.xctest; sourceTree = BUILT_PRODUCTS_DIR; };
		93FB5C812A0F8874008A8AA9 /* MovieScheduleData.swift */ = {isa = PBXFileReference; lastKnownFileType = sourcecode.swift; path = MovieScheduleData.swift; sourceTree = "<group>"; };
		93FB5C832A0F888C008A8AA9 /* MovieScheduleDataForUser.swift */ = {isa = PBXFileReference; lastKnownFileType = sourcecode.swift; path = MovieScheduleDataForUser.swift; sourceTree = "<group>"; };
		93FB5C852A0F889D008A8AA9 /* MovieDetailData.swift */ = {isa = PBXFileReference; lastKnownFileType = sourcecode.swift; path = MovieDetailData.swift; sourceTree = "<group>"; };
		93FB5C872A0F88A7008A8AA9 /* LocationManager.swift */ = {isa = PBXFileReference; lastKnownFileType = sourcecode.swift; path = LocationManager.swift; sourceTree = "<group>"; };
		93FB5C892A0F88BC008A8AA9 /* CheckTop3Theaters.swift */ = {isa = PBXFileReference; lastKnownFileType = sourcecode.swift; path = CheckTop3Theaters.swift; sourceTree = "<group>"; };
		93FB5C8B2A0F88C5008A8AA9 /* Color.swift */ = {isa = PBXFileReference; lastKnownFileType = sourcecode.swift; path = Color.swift; sourceTree = "<group>"; };
		93FB5C8D2A0F88D9008A8AA9 /* DateManager.swift */ = {isa = PBXFileReference; lastKnownFileType = sourcecode.swift; path = DateManager.swift; sourceTree = "<group>"; };
		93FB5C8F2A0F88EC008A8AA9 /* MovieScheduleManager.swift */ = {isa = PBXFileReference; lastKnownFileType = sourcecode.swift; path = MovieScheduleManager.swift; sourceTree = "<group>"; };
		93FB5C912A0F88FA008A8AA9 /* MovieDetailManager.swift */ = {isa = PBXFileReference; lastKnownFileType = sourcecode.swift; path = MovieDetailManager.swift; sourceTree = "<group>"; };
		93FB5C932A0F8912008A8AA9 /* MovieListView.swift */ = {isa = PBXFileReference; lastKnownFileType = sourcecode.swift; path = MovieListView.swift; sourceTree = "<group>"; };
		93FB5C972A0F894B008A8AA9 /* CustomAlertView.swift */ = {isa = PBXFileReference; lastKnownFileType = sourcecode.swift; path = CustomAlertView.swift; sourceTree = "<group>"; };
		93FB5C992A0F8962008A8AA9 /* MovieDayView2.swift */ = {isa = PBXFileReference; lastKnownFileType = sourcecode.swift; path = MovieDayView2.swift; sourceTree = "<group>"; };
		93FB5C9B2A0F8971008A8AA9 /* TestView.swift */ = {isa = PBXFileReference; lastKnownFileType = sourcecode.swift; path = TestView.swift; sourceTree = "<group>"; };
/* End PBXFileReference section */

/* Begin PBXFrameworksBuildPhase section */
		93FB5C4D2A0F8807008A8AA9 /* Frameworks */ = {
			isa = PBXFrameworksBuildPhase;
			buildActionMask = 2147483647;
			files = (
				93C218622A0F8B4A008BC96B /* PopupView in Frameworks */,
				93C2185F2A0F8B12008BC96B /* SwiftSoup in Frameworks */,
			);
			runOnlyForDeploymentPostprocessing = 0;
		};
		93FB5C5D2A0F8808008A8AA9 /* Frameworks */ = {
			isa = PBXFrameworksBuildPhase;
			buildActionMask = 2147483647;
			files = (
			);
			runOnlyForDeploymentPostprocessing = 0;
		};
		93FB5C672A0F8808008A8AA9 /* Frameworks */ = {
			isa = PBXFrameworksBuildPhase;
			buildActionMask = 2147483647;
			files = (
			);
			runOnlyForDeploymentPostprocessing = 0;
		};
/* End PBXFrameworksBuildPhase section */

/* Begin PBXGroup section */
		93FB5C472A0F8807008A8AA9 = {
			isa = PBXGroup;
			children = (
				93FB5C522A0F8807008A8AA9 /* mc2_git */,
				93FB5C512A0F8807008A8AA9 /* Products */,
			);
			sourceTree = "<group>";
		};
		93FB5C512A0F8807008A8AA9 /* Products */ = {
			isa = PBXGroup;
			children = (
				93FB5C502A0F8807008A8AA9 /* mc2_git.app */,
				93FB5C602A0F8808008A8AA9 /* mc2_gitTests.xctest */,
				93FB5C6A2A0F8808008A8AA9 /* mc2_gitUITests.xctest */,
			);
			name = Products;
			sourceTree = "<group>";
		};
		93FB5C522A0F8807008A8AA9 /* mc2_git */ = {
			isa = PBXGroup;
			children = (
				93C218632A0F8C45008BC96B /* mc2-git-Info.plist */,
				93FB5C7E2A0F8845008A8AA9 /* Models */,
				93FB5C7D2A0F883B008A8AA9 /* Views */,
				93FB5C532A0F8807008A8AA9 /* mc2_gitApp.swift */,
				93FB5C552A0F8807008A8AA9 /* ContentView.swift */,
				93FB5C572A0F8808008A8AA9 /* Assets.xcassets */,
				93FB5C592A0F8808008A8AA9 /* Preview Content */,
			);
			path = mc2_git;
			sourceTree = "<group>";
		};
		93FB5C592A0F8808008A8AA9 /* Preview Content */ = {
			isa = PBXGroup;
			children = (
				93FB5C5A2A0F8808008A8AA9 /* Preview Assets.xcassets */,
			);
			path = "Preview Content";
			sourceTree = "<group>";
		};
		93FB5C7D2A0F883B008A8AA9 /* Views */ = {
			isa = PBXGroup;
			children = (
				93FB5C932A0F8912008A8AA9 /* MovieListView.swift */,
				93FB5C972A0F894B008A8AA9 /* CustomAlertView.swift */,
				93FB5C992A0F8962008A8AA9 /* MovieDayView2.swift */,
				93FB5C9B2A0F8971008A8AA9 /* TestView.swift */,
				7B36C9952A105A070043D988 /* BottomSheetView.swift */,
			);
			path = Views;
			sourceTree = "<group>";
		};
		93FB5C7E2A0F8845008A8AA9 /* Models */ = {
			isa = PBXGroup;
			children = (
				93FB5C812A0F8874008A8AA9 /* MovieScheduleData.swift */,
				93FB5C832A0F888C008A8AA9 /* MovieScheduleDataForUser.swift */,
				93FB5C852A0F889D008A8AA9 /* MovieDetailData.swift */,
				93FB5C872A0F88A7008A8AA9 /* LocationManager.swift */,
				93FB5C892A0F88BC008A8AA9 /* CheckTop3Theaters.swift */,
				93FB5C8B2A0F88C5008A8AA9 /* Color.swift */,
				93FB5C8D2A0F88D9008A8AA9 /* DateManager.swift */,
				93FB5C8F2A0F88EC008A8AA9 /* MovieScheduleManager.swift */,
				93FB5C912A0F88FA008A8AA9 /* MovieDetailManager.swift */,
			);
			path = Models;
			sourceTree = "<group>";
		};
/* End PBXGroup section */

/* Begin PBXNativeTarget section */
		93FB5C4F2A0F8807008A8AA9 /* mc2_git */ = {
			isa = PBXNativeTarget;
			buildConfigurationList = 93FB5C742A0F8808008A8AA9 /* Build configuration list for PBXNativeTarget "mc2_git" */;
			buildPhases = (
				93FB5C4C2A0F8807008A8AA9 /* Sources */,
				93FB5C4D2A0F8807008A8AA9 /* Frameworks */,
				93FB5C4E2A0F8807008A8AA9 /* Resources */,
			);
			buildRules = (
			);
			dependencies = (
			);
			name = mc2_git;
			packageProductDependencies = (
				93C2185E2A0F8B12008BC96B /* SwiftSoup */,
				93C218612A0F8B4A008BC96B /* PopupView */,
			);
			productName = mc2_git;
			productReference = 93FB5C502A0F8807008A8AA9 /* mc2_git.app */;
			productType = "com.apple.product-type.application";
		};
		93FB5C5F2A0F8808008A8AA9 /* mc2_gitTests */ = {
			isa = PBXNativeTarget;
			buildConfigurationList = 93FB5C772A0F8808008A8AA9 /* Build configuration list for PBXNativeTarget "mc2_gitTests" */;
			buildPhases = (
				93FB5C5C2A0F8808008A8AA9 /* Sources */,
				93FB5C5D2A0F8808008A8AA9 /* Frameworks */,
				93FB5C5E2A0F8808008A8AA9 /* Resources */,
			);
			buildRules = (
			);
			dependencies = (
				93FB5C622A0F8808008A8AA9 /* PBXTargetDependency */,
			);
			name = mc2_gitTests;
			productName = mc2_gitTests;
			productReference = 93FB5C602A0F8808008A8AA9 /* mc2_gitTests.xctest */;
			productType = "com.apple.product-type.bundle.unit-test";
		};
		93FB5C692A0F8808008A8AA9 /* mc2_gitUITests */ = {
			isa = PBXNativeTarget;
			buildConfigurationList = 93FB5C7A2A0F8808008A8AA9 /* Build configuration list for PBXNativeTarget "mc2_gitUITests" */;
			buildPhases = (
				93FB5C662A0F8808008A8AA9 /* Sources */,
				93FB5C672A0F8808008A8AA9 /* Frameworks */,
				93FB5C682A0F8808008A8AA9 /* Resources */,
			);
			buildRules = (
			);
			dependencies = (
				93FB5C6C2A0F8808008A8AA9 /* PBXTargetDependency */,
			);
			name = mc2_gitUITests;
			productName = mc2_gitUITests;
			productReference = 93FB5C6A2A0F8808008A8AA9 /* mc2_gitUITests.xctest */;
			productType = "com.apple.product-type.bundle.ui-testing";
		};
/* End PBXNativeTarget section */

/* Begin PBXProject section */
		93FB5C482A0F8807008A8AA9 /* Project object */ = {
			isa = PBXProject;
			attributes = {
				BuildIndependentTargetsInParallel = 1;
				LastSwiftUpdateCheck = 1420;
				LastUpgradeCheck = 1420;
				TargetAttributes = {
					93FB5C4F2A0F8807008A8AA9 = {
						CreatedOnToolsVersion = 14.2;
					};
					93FB5C5F2A0F8808008A8AA9 = {
						CreatedOnToolsVersion = 14.2;
						TestTargetID = 93FB5C4F2A0F8807008A8AA9;
					};
					93FB5C692A0F8808008A8AA9 = {
						CreatedOnToolsVersion = 14.2;
						TestTargetID = 93FB5C4F2A0F8807008A8AA9;
					};
				};
			};
			buildConfigurationList = 93FB5C4B2A0F8807008A8AA9 /* Build configuration list for PBXProject "mc2_git" */;
			compatibilityVersion = "Xcode 14.0";
			developmentRegion = en;
			hasScannedForEncodings = 0;
			knownRegions = (
				en,
				Base,
			);
			mainGroup = 93FB5C472A0F8807008A8AA9;
			packageReferences = (
				93C2185D2A0F8B12008BC96B /* XCRemoteSwiftPackageReference "SwiftSoup" */,
				93C218602A0F8B4A008BC96B /* XCRemoteSwiftPackageReference "PopupView" */,
			);
			productRefGroup = 93FB5C512A0F8807008A8AA9 /* Products */;
			projectDirPath = "";
			projectRoot = "";
			targets = (
				93FB5C4F2A0F8807008A8AA9 /* mc2_git */,
				93FB5C5F2A0F8808008A8AA9 /* mc2_gitTests */,
				93FB5C692A0F8808008A8AA9 /* mc2_gitUITests */,
			);
		};
/* End PBXProject section */

/* Begin PBXResourcesBuildPhase section */
		93FB5C4E2A0F8807008A8AA9 /* Resources */ = {
			isa = PBXResourcesBuildPhase;
			buildActionMask = 2147483647;
			files = (
				93FB5C5B2A0F8808008A8AA9 /* Preview Assets.xcassets in Resources */,
				93FB5C582A0F8808008A8AA9 /* Assets.xcassets in Resources */,
			);
			runOnlyForDeploymentPostprocessing = 0;
		};
		93FB5C5E2A0F8808008A8AA9 /* Resources */ = {
			isa = PBXResourcesBuildPhase;
			buildActionMask = 2147483647;
			files = (
			);
			runOnlyForDeploymentPostprocessing = 0;
		};
		93FB5C682A0F8808008A8AA9 /* Resources */ = {
			isa = PBXResourcesBuildPhase;
			buildActionMask = 2147483647;
			files = (
			);
			runOnlyForDeploymentPostprocessing = 0;
		};
/* End PBXResourcesBuildPhase section */

/* Begin PBXSourcesBuildPhase section */
		93FB5C4C2A0F8807008A8AA9 /* Sources */ = {
			isa = PBXSourcesBuildPhase;
			buildActionMask = 2147483647;
			files = (
				93FB5C8A2A0F88BC008A8AA9 /* CheckTop3Theaters.swift in Sources */,
				93FB5C982A0F894B008A8AA9 /* CustomAlertView.swift in Sources */,
				93FB5C562A0F8807008A8AA9 /* ContentView.swift in Sources */,
				93FB5C822A0F8874008A8AA9 /* MovieScheduleData.swift in Sources */,
				93FB5C922A0F88FA008A8AA9 /* MovieDetailManager.swift in Sources */,
				93FB5C882A0F88A7008A8AA9 /* LocationManager.swift in Sources */,
				93FB5C9C2A0F8971008A8AA9 /* TestView.swift in Sources */,
				93FB5C942A0F8912008A8AA9 /* MovieListView.swift in Sources */,
				93FB5C842A0F888C008A8AA9 /* MovieScheduleDataForUser.swift in Sources */,
				7B36C9962A105A070043D988 /* BottomSheetView.swift in Sources */,
				93FB5C902A0F88EC008A8AA9 /* MovieScheduleManager.swift in Sources */,
				93FB5C8C2A0F88C5008A8AA9 /* Color.swift in Sources */,
				93FB5C542A0F8807008A8AA9 /* mc2_gitApp.swift in Sources */,
				93FB5C8E2A0F88D9008A8AA9 /* DateManager.swift in Sources */,
				93FB5C862A0F889D008A8AA9 /* MovieDetailData.swift in Sources */,
				93FB5C9A2A0F8962008A8AA9 /* MovieDayView2.swift in Sources */,
			);
			runOnlyForDeploymentPostprocessing = 0;
		};
		93FB5C5C2A0F8808008A8AA9 /* Sources */ = {
			isa = PBXSourcesBuildPhase;
			buildActionMask = 2147483647;
			files = (
			);
			runOnlyForDeploymentPostprocessing = 0;
		};
		93FB5C662A0F8808008A8AA9 /* Sources */ = {
			isa = PBXSourcesBuildPhase;
			buildActionMask = 2147483647;
			files = (
			);
			runOnlyForDeploymentPostprocessing = 0;
		};
/* End PBXSourcesBuildPhase section */

/* Begin PBXTargetDependency section */
		93FB5C622A0F8808008A8AA9 /* PBXTargetDependency */ = {
			isa = PBXTargetDependency;
			target = 93FB5C4F2A0F8807008A8AA9 /* mc2_git */;
			targetProxy = 93FB5C612A0F8808008A8AA9 /* PBXContainerItemProxy */;
		};
		93FB5C6C2A0F8808008A8AA9 /* PBXTargetDependency */ = {
			isa = PBXTargetDependency;
			target = 93FB5C4F2A0F8807008A8AA9 /* mc2_git */;
			targetProxy = 93FB5C6B2A0F8808008A8AA9 /* PBXContainerItemProxy */;
		};
/* End PBXTargetDependency section */

/* Begin XCBuildConfiguration section */
		93FB5C722A0F8808008A8AA9 /* Debug */ = {
			isa = XCBuildConfiguration;
			buildSettings = {
				ALWAYS_SEARCH_USER_PATHS = NO;
				CLANG_ANALYZER_NONNULL = YES;
				CLANG_ANALYZER_NUMBER_OBJECT_CONVERSION = YES_AGGRESSIVE;
				CLANG_CXX_LANGUAGE_STANDARD = "gnu++20";
				CLANG_ENABLE_MODULES = YES;
				CLANG_ENABLE_OBJC_ARC = YES;
				CLANG_ENABLE_OBJC_WEAK = YES;
				CLANG_WARN_BLOCK_CAPTURE_AUTORELEASING = YES;
				CLANG_WARN_BOOL_CONVERSION = YES;
				CLANG_WARN_COMMA = YES;
				CLANG_WARN_CONSTANT_CONVERSION = YES;
				CLANG_WARN_DEPRECATED_OBJC_IMPLEMENTATIONS = YES;
				CLANG_WARN_DIRECT_OBJC_ISA_USAGE = YES_ERROR;
				CLANG_WARN_DOCUMENTATION_COMMENTS = YES;
				CLANG_WARN_EMPTY_BODY = YES;
				CLANG_WARN_ENUM_CONVERSION = YES;
				CLANG_WARN_INFINITE_RECURSION = YES;
				CLANG_WARN_INT_CONVERSION = YES;
				CLANG_WARN_NON_LITERAL_NULL_CONVERSION = YES;
				CLANG_WARN_OBJC_IMPLICIT_RETAIN_SELF = YES;
				CLANG_WARN_OBJC_LITERAL_CONVERSION = YES;
				CLANG_WARN_OBJC_ROOT_CLASS = YES_ERROR;
				CLANG_WARN_QUOTED_INCLUDE_IN_FRAMEWORK_HEADER = YES;
				CLANG_WARN_RANGE_LOOP_ANALYSIS = YES;
				CLANG_WARN_STRICT_PROTOTYPES = YES;
				CLANG_WARN_SUSPICIOUS_MOVE = YES;
				CLANG_WARN_UNGUARDED_AVAILABILITY = YES_AGGRESSIVE;
				CLANG_WARN_UNREACHABLE_CODE = YES;
				CLANG_WARN__DUPLICATE_METHOD_MATCH = YES;
				COPY_PHASE_STRIP = NO;
				DEBUG_INFORMATION_FORMAT = dwarf;
				ENABLE_STRICT_OBJC_MSGSEND = YES;
				ENABLE_TESTABILITY = YES;
				GCC_C_LANGUAGE_STANDARD = gnu11;
				GCC_DYNAMIC_NO_PIC = NO;
				GCC_NO_COMMON_BLOCKS = YES;
				GCC_OPTIMIZATION_LEVEL = 0;
				GCC_PREPROCESSOR_DEFINITIONS = (
					"DEBUG=1",
					"$(inherited)",
				);
				GCC_WARN_64_TO_32_BIT_CONVERSION = YES;
				GCC_WARN_ABOUT_RETURN_TYPE = YES_ERROR;
				GCC_WARN_UNDECLARED_SELECTOR = YES;
				GCC_WARN_UNINITIALIZED_AUTOS = YES_AGGRESSIVE;
				GCC_WARN_UNUSED_FUNCTION = YES;
				GCC_WARN_UNUSED_VARIABLE = YES;
				IPHONEOS_DEPLOYMENT_TARGET = 16.2;
				MTL_ENABLE_DEBUG_INFO = INCLUDE_SOURCE;
				MTL_FAST_MATH = YES;
				ONLY_ACTIVE_ARCH = YES;
				SDKROOT = iphoneos;
				SWIFT_ACTIVE_COMPILATION_CONDITIONS = DEBUG;
				SWIFT_OPTIMIZATION_LEVEL = "-Onone";
			};
			name = Debug;
		};
		93FB5C732A0F8808008A8AA9 /* Release */ = {
			isa = XCBuildConfiguration;
			buildSettings = {
				ALWAYS_SEARCH_USER_PATHS = NO;
				CLANG_ANALYZER_NONNULL = YES;
				CLANG_ANALYZER_NUMBER_OBJECT_CONVERSION = YES_AGGRESSIVE;
				CLANG_CXX_LANGUAGE_STANDARD = "gnu++20";
				CLANG_ENABLE_MODULES = YES;
				CLANG_ENABLE_OBJC_ARC = YES;
				CLANG_ENABLE_OBJC_WEAK = YES;
				CLANG_WARN_BLOCK_CAPTURE_AUTORELEASING = YES;
				CLANG_WARN_BOOL_CONVERSION = YES;
				CLANG_WARN_COMMA = YES;
				CLANG_WARN_CONSTANT_CONVERSION = YES;
				CLANG_WARN_DEPRECATED_OBJC_IMPLEMENTATIONS = YES;
				CLANG_WARN_DIRECT_OBJC_ISA_USAGE = YES_ERROR;
				CLANG_WARN_DOCUMENTATION_COMMENTS = YES;
				CLANG_WARN_EMPTY_BODY = YES;
				CLANG_WARN_ENUM_CONVERSION = YES;
				CLANG_WARN_INFINITE_RECURSION = YES;
				CLANG_WARN_INT_CONVERSION = YES;
				CLANG_WARN_NON_LITERAL_NULL_CONVERSION = YES;
				CLANG_WARN_OBJC_IMPLICIT_RETAIN_SELF = YES;
				CLANG_WARN_OBJC_LITERAL_CONVERSION = YES;
				CLANG_WARN_OBJC_ROOT_CLASS = YES_ERROR;
				CLANG_WARN_QUOTED_INCLUDE_IN_FRAMEWORK_HEADER = YES;
				CLANG_WARN_RANGE_LOOP_ANALYSIS = YES;
				CLANG_WARN_STRICT_PROTOTYPES = YES;
				CLANG_WARN_SUSPICIOUS_MOVE = YES;
				CLANG_WARN_UNGUARDED_AVAILABILITY = YES_AGGRESSIVE;
				CLANG_WARN_UNREACHABLE_CODE = YES;
				CLANG_WARN__DUPLICATE_METHOD_MATCH = YES;
				COPY_PHASE_STRIP = NO;
				DEBUG_INFORMATION_FORMAT = "dwarf-with-dsym";
				ENABLE_NS_ASSERTIONS = NO;
				ENABLE_STRICT_OBJC_MSGSEND = YES;
				GCC_C_LANGUAGE_STANDARD = gnu11;
				GCC_NO_COMMON_BLOCKS = YES;
				GCC_WARN_64_TO_32_BIT_CONVERSION = YES;
				GCC_WARN_ABOUT_RETURN_TYPE = YES_ERROR;
				GCC_WARN_UNDECLARED_SELECTOR = YES;
				GCC_WARN_UNINITIALIZED_AUTOS = YES_AGGRESSIVE;
				GCC_WARN_UNUSED_FUNCTION = YES;
				GCC_WARN_UNUSED_VARIABLE = YES;
				IPHONEOS_DEPLOYMENT_TARGET = 16.2;
				MTL_ENABLE_DEBUG_INFO = NO;
				MTL_FAST_MATH = YES;
				SDKROOT = iphoneos;
				SWIFT_COMPILATION_MODE = wholemodule;
				SWIFT_OPTIMIZATION_LEVEL = "-O";
				VALIDATE_PRODUCT = YES;
			};
			name = Release;
		};
		93FB5C752A0F8808008A8AA9 /* Debug */ = {
			isa = XCBuildConfiguration;
			buildSettings = {
				ASSETCATALOG_COMPILER_APPICON_NAME = AppIcon;
				ASSETCATALOG_COMPILER_GLOBAL_ACCENT_COLOR_NAME = AccentColor;
				CODE_SIGN_STYLE = Automatic;
				CURRENT_PROJECT_VERSION = 1;
				DEVELOPMENT_ASSET_PATHS = "\"mc2_git/Preview Content\"";
				DEVELOPMENT_TEAM = JRDC32KNLZ;
				ENABLE_PREVIEWS = YES;
				GENERATE_INFOPLIST_FILE = YES;
				INFOPLIST_FILE = "mc2-git-Info.plist";
				INFOPLIST_KEY_NSLocationWhenInUseUsageDescription = "위치 정보 수집에 동의하십니까?";
				INFOPLIST_KEY_UIApplicationSceneManifest_Generation = YES;
				INFOPLIST_KEY_UIApplicationSupportsIndirectInputEvents = YES;
				INFOPLIST_KEY_UISupportedInterfaceOrientations_iPad = "UIInterfaceOrientationPortrait UIInterfaceOrientationPortraitUpsideDown UIInterfaceOrientationLandscapeLeft UIInterfaceOrientationLandscapeRight";
				INFOPLIST_KEY_UISupportedInterfaceOrientations_iPhone = "UIInterfaceOrientationPortrait UIInterfaceOrientationLandscapeLeft UIInterfaceOrientationLandscapeRight";
				IPHONEOS_DEPLOYMENT_TARGET = 16.2;
				LD_RUNPATH_SEARCH_PATHS = (
					"$(inherited)",
					"@executable_path/Frameworks",
				);
				MARKETING_VERSION = 1.0;
				PRODUCT_BUNDLE_IDENTIFIER = "------.mc2-git";
				PRODUCT_NAME = "$(TARGET_NAME)";
				SWIFT_EMIT_LOC_STRINGS = YES;
				SWIFT_VERSION = 5.0;
				TARGETED_DEVICE_FAMILY = "1,2";
			};
			name = Debug;
		};
		93FB5C762A0F8808008A8AA9 /* Release */ = {
			isa = XCBuildConfiguration;
			buildSettings = {
				ASSETCATALOG_COMPILER_APPICON_NAME = AppIcon;
				ASSETCATALOG_COMPILER_GLOBAL_ACCENT_COLOR_NAME = AccentColor;
				CODE_SIGN_STYLE = Automatic;
				CURRENT_PROJECT_VERSION = 1;
				DEVELOPMENT_ASSET_PATHS = "\"mc2_git/Preview Content\"";
				DEVELOPMENT_TEAM = JRDC32KNLZ;
				ENABLE_PREVIEWS = YES;
				GENERATE_INFOPLIST_FILE = YES;
				INFOPLIST_FILE = "mc2-git-Info.plist";
				INFOPLIST_KEY_NSLocationWhenInUseUsageDescription = "위치 정보 수집에 동의하십니까?";
				INFOPLIST_KEY_UIApplicationSceneManifest_Generation = YES;
				INFOPLIST_KEY_UIApplicationSupportsIndirectInputEvents = YES;
				INFOPLIST_KEY_UISupportedInterfaceOrientations_iPad = "UIInterfaceOrientationPortrait UIInterfaceOrientationPortraitUpsideDown UIInterfaceOrientationLandscapeLeft UIInterfaceOrientationLandscapeRight";
				INFOPLIST_KEY_UISupportedInterfaceOrientations_iPhone = "UIInterfaceOrientationPortrait UIInterfaceOrientationLandscapeLeft UIInterfaceOrientationLandscapeRight";
				IPHONEOS_DEPLOYMENT_TARGET = 16.2;
				LD_RUNPATH_SEARCH_PATHS = (
					"$(inherited)",
					"@executable_path/Frameworks",
				);
				MARKETING_VERSION = 1.0;
				PRODUCT_BUNDLE_IDENTIFIER = "------.mc2-git";
				PRODUCT_NAME = "$(TARGET_NAME)";
				SWIFT_EMIT_LOC_STRINGS = YES;
				SWIFT_VERSION = 5.0;
				TARGETED_DEVICE_FAMILY = "1,2";
			};
			name = Release;
		};
		93FB5C782A0F8808008A8AA9 /* Debug */ = {
			isa = XCBuildConfiguration;
			buildSettings = {
				ALWAYS_EMBED_SWIFT_STANDARD_LIBRARIES = YES;
				BUNDLE_LOADER = "$(TEST_HOST)";
				CODE_SIGN_STYLE = Automatic;
				CURRENT_PROJECT_VERSION = 1;
				DEVELOPMENT_TEAM = 834B9VMHHG;
				GENERATE_INFOPLIST_FILE = YES;
				IPHONEOS_DEPLOYMENT_TARGET = 16.2;
				MARKETING_VERSION = 1.0;
				PRODUCT_BUNDLE_IDENTIFIER = "chacha.mc2-gitTests";
				PRODUCT_NAME = "$(TARGET_NAME)";
				SWIFT_EMIT_LOC_STRINGS = NO;
				SWIFT_VERSION = 5.0;
				TARGETED_DEVICE_FAMILY = "1,2";
				TEST_HOST = "$(BUILT_PRODUCTS_DIR)/mc2_git.app/$(BUNDLE_EXECUTABLE_FOLDER_PATH)/mc2_git";
			};
			name = Debug;
		};
		93FB5C792A0F8808008A8AA9 /* Release */ = {
			isa = XCBuildConfiguration;
			buildSettings = {
				ALWAYS_EMBED_SWIFT_STANDARD_LIBRARIES = YES;
				BUNDLE_LOADER = "$(TEST_HOST)";
				CODE_SIGN_STYLE = Automatic;
				CURRENT_PROJECT_VERSION = 1;
				DEVELOPMENT_TEAM = 834B9VMHHG;
				GENERATE_INFOPLIST_FILE = YES;
				IPHONEOS_DEPLOYMENT_TARGET = 16.2;
				MARKETING_VERSION = 1.0;
				PRODUCT_BUNDLE_IDENTIFIER = "chacha.mc2-gitTests";
				PRODUCT_NAME = "$(TARGET_NAME)";
				SWIFT_EMIT_LOC_STRINGS = NO;
				SWIFT_VERSION = 5.0;
				TARGETED_DEVICE_FAMILY = "1,2";
				TEST_HOST = "$(BUILT_PRODUCTS_DIR)/mc2_git.app/$(BUNDLE_EXECUTABLE_FOLDER_PATH)/mc2_git";
			};
			name = Release;
		};
		93FB5C7B2A0F8808008A8AA9 /* Debug */ = {
			isa = XCBuildConfiguration;
			buildSettings = {
				ALWAYS_EMBED_SWIFT_STANDARD_LIBRARIES = YES;
				CODE_SIGN_STYLE = Automatic;
				CURRENT_PROJECT_VERSION = 1;
				DEVELOPMENT_TEAM = 834B9VMHHG;
				GENERATE_INFOPLIST_FILE = YES;
				MARKETING_VERSION = 1.0;
				PRODUCT_BUNDLE_IDENTIFIER = "chacha.mc2-gitUITests";
				PRODUCT_NAME = "$(TARGET_NAME)";
				SWIFT_EMIT_LOC_STRINGS = NO;
				SWIFT_VERSION = 5.0;
				TARGETED_DEVICE_FAMILY = "1,2";
				TEST_TARGET_NAME = mc2_git;
			};
			name = Debug;
		};
		93FB5C7C2A0F8808008A8AA9 /* Release */ = {
			isa = XCBuildConfiguration;
			buildSettings = {
				ALWAYS_EMBED_SWIFT_STANDARD_LIBRARIES = YES;
				CODE_SIGN_STYLE = Automatic;
				CURRENT_PROJECT_VERSION = 1;
				DEVELOPMENT_TEAM = 834B9VMHHG;
				GENERATE_INFOPLIST_FILE = YES;
				MARKETING_VERSION = 1.0;
				PRODUCT_BUNDLE_IDENTIFIER = "chacha.mc2-gitUITests";
				PRODUCT_NAME = "$(TARGET_NAME)";
				SWIFT_EMIT_LOC_STRINGS = NO;
				SWIFT_VERSION = 5.0;
				TARGETED_DEVICE_FAMILY = "1,2";
				TEST_TARGET_NAME = mc2_git;
			};
			name = Release;
		};
/* End XCBuildConfiguration section */

/* Begin XCConfigurationList section */
		93FB5C4B2A0F8807008A8AA9 /* Build configuration list for PBXProject "mc2_git" */ = {
			isa = XCConfigurationList;
			buildConfigurations = (
				93FB5C722A0F8808008A8AA9 /* Debug */,
				93FB5C732A0F8808008A8AA9 /* Release */,
			);
			defaultConfigurationIsVisible = 0;
			defaultConfigurationName = Release;
		};
		93FB5C742A0F8808008A8AA9 /* Build configuration list for PBXNativeTarget "mc2_git" */ = {
			isa = XCConfigurationList;
			buildConfigurations = (
				93FB5C752A0F8808008A8AA9 /* Debug */,
				93FB5C762A0F8808008A8AA9 /* Release */,
			);
			defaultConfigurationIsVisible = 0;
			defaultConfigurationName = Release;
		};
		93FB5C772A0F8808008A8AA9 /* Build configuration list for PBXNativeTarget "mc2_gitTests" */ = {
			isa = XCConfigurationList;
			buildConfigurations = (
				93FB5C782A0F8808008A8AA9 /* Debug */,
				93FB5C792A0F8808008A8AA9 /* Release */,
			);
			defaultConfigurationIsVisible = 0;
			defaultConfigurationName = Release;
		};
		93FB5C7A2A0F8808008A8AA9 /* Build configuration list for PBXNativeTarget "mc2_gitUITests" */ = {
			isa = XCConfigurationList;
			buildConfigurations = (
				93FB5C7B2A0F8808008A8AA9 /* Debug */,
				93FB5C7C2A0F8808008A8AA9 /* Release */,
			);
			defaultConfigurationIsVisible = 0;
			defaultConfigurationName = Release;
		};
/* End XCConfigurationList section */

/* Begin XCRemoteSwiftPackageReference section */
		93C2185D2A0F8B12008BC96B /* XCRemoteSwiftPackageReference "SwiftSoup" */ = {
			isa = XCRemoteSwiftPackageReference;
			repositoryURL = "https://github.com/scinfu/SwiftSoup";
			requirement = {
				kind = upToNextMajorVersion;
				minimumVersion = 2.0.0;
			};
		};
		93C218602A0F8B4A008BC96B /* XCRemoteSwiftPackageReference "PopupView" */ = {
			isa = XCRemoteSwiftPackageReference;
			repositoryURL = "https://github.com/Mijick/PopupView";
			requirement = {
				kind = upToNextMajorVersion;
				minimumVersion = 1.0.0;
			};
		};
/* End XCRemoteSwiftPackageReference section */

/* Begin XCSwiftPackageProductDependency section */
		93C2185E2A0F8B12008BC96B /* SwiftSoup */ = {
			isa = XCSwiftPackageProductDependency;
			package = 93C2185D2A0F8B12008BC96B /* XCRemoteSwiftPackageReference "SwiftSoup" */;
			productName = SwiftSoup;
		};
		93C218612A0F8B4A008BC96B /* PopupView */ = {
			isa = XCSwiftPackageProductDependency;
			package = 93C218602A0F8B4A008BC96B /* XCRemoteSwiftPackageReference "PopupView" */;
			productName = PopupView;
		};
/* End XCSwiftPackageProductDependency section */
	};
	rootObject = 93FB5C482A0F8807008A8AA9 /* Project object */;
}
